// !$*UTF8*$!
{
	archiveVersion = 1;
	classes = {
	};
	objectVersion = 50;
	objects = {

/* Begin PBXBuildFile section */
		9206A00925D4A43600148D68 /* ServiceAPI.swift in Sources */ = {isa = PBXBuildFile; fileRef = 9206A00825D4A43600148D68 /* ServiceAPI.swift */; };
		9206A01225D4AB4D00148D68 /* URLSessionMock.swift in Sources */ = {isa = PBXBuildFile; fileRef = 9206A01125D4AB4D00148D68 /* URLSessionMock.swift */; };
		9206A01A25D4ABA600148D68 /* DataTaskMock.swift in Sources */ = {isa = PBXBuildFile; fileRef = 9206A01925D4ABA600148D68 /* DataTaskMock.swift */; };
		9206A01F25D4ABC000148D68 /* TestMockData.swift in Sources */ = {isa = PBXBuildFile; fileRef = 9206A01E25D4ABC000148D68 /* TestMockData.swift */; };
		9206A02425D4B84C00148D68 /* ImageDecoding.swift in Sources */ = {isa = PBXBuildFile; fileRef = 9206A02325D4B84C00148D68 /* ImageDecoding.swift */; };
		9259FA8B25D2ABBF0097128F /* BoneTitle.swift in Sources */ = {isa = PBXBuildFile; fileRef = 9259FA8A25D2ABBF0097128F /* BoneTitle.swift */; };
		9259FA9825D2B0240097128F /* TextDisplay.swift in Sources */ = {isa = PBXBuildFile; fileRef = 9259FA9725D2B0240097128F /* TextDisplay.swift */; };
		9259FAA025D2B6B60097128F /* PerformanceInfo.swift in Sources */ = {isa = PBXBuildFile; fileRef = 9259FA9F25D2B6B60097128F /* PerformanceInfo.swift */; };
		9259FAAB25D2C8810097128F /* DogPhoto.swift in Sources */ = {isa = PBXBuildFile; fileRef = 9259FAAA25D2C8810097128F /* DogPhoto.swift */; };
		9259FAB125D2CFDA0097128F /* DogOptions.swift in Sources */ = {isa = PBXBuildFile; fileRef = 9259FAB025D2CFDA0097128F /* DogOptions.swift */; };
		92766E1C25D15FD200A5C7F2 /* GameScreenViewController.swift in Sources */ = {isa = PBXBuildFile; fileRef = 92766E1B25D15FD200A5C7F2 /* GameScreenViewController.swift */; };
		92766E2125D15FE300A5C7F2 /* ResultScreenViewController.swift in Sources */ = {isa = PBXBuildFile; fileRef = 92766E2025D15FE300A5C7F2 /* ResultScreenViewController.swift */; };
		92766E2D25D16B5100A5C7F2 /* ImageExtensions.swift in Sources */ = {isa = PBXBuildFile; fileRef = 92766E2C25D16B5100A5C7F2 /* ImageExtensions.swift */; };
		92766E3825D17F7C00A5C7F2 /* ColorExtensions.swift in Sources */ = {isa = PBXBuildFile; fileRef = 92766E3725D17F7C00A5C7F2 /* ColorExtensions.swift */; };
		92766E3E25D1882A00A5C7F2 /* DogButton.swift in Sources */ = {isa = PBXBuildFile; fileRef = 92766E3D25D1882A00A5C7F2 /* DogButton.swift */; };
		9291661E25D5559400922800 /* HTTPResponseMock.swift in Sources */ = {isa = PBXBuildFile; fileRef = 9291661D25D5559400922800 /* HTTPResponseMock.swift */; };
		9291662325D5566A00922800 /* ErrorAPI.swift in Sources */ = {isa = PBXBuildFile; fileRef = 9291662225D5566A00922800 /* ErrorAPI.swift */; };
		92E0C83D25D1B262003EE40C /* PhotoQuantitySetter.swift in Sources */ = {isa = PBXBuildFile; fileRef = 92E0C83C25D1B262003EE40C /* PhotoQuantitySetter.swift */; };
		92E18DA025D159710005E327 /* StartScreenViewController.swift in Sources */ = {isa = PBXBuildFile; fileRef = 92E18D9F25D159710005E327 /* StartScreenViewController.swift */; };
		92EEF61925D3F63B00BCF6A5 /* ChoiceResult.swift in Sources */ = {isa = PBXBuildFile; fileRef = 92EEF61825D3F63B00BCF6A5 /* ChoiceResult.swift */; };
		92EEF62725D40A6B00BCF6A5 /* swiftlint.yml in Resources */ = {isa = PBXBuildFile; fileRef = 92EEF62625D40A6B00BCF6A5 /* swiftlint.yml */; };
		92EEF63B25D42B2900BCF6A5 /* RouterAPI.swift in Sources */ = {isa = PBXBuildFile; fileRef = 92EEF63A25D42B2900BCF6A5 /* RouterAPI.swift */; };
		92FD34DB25CC3D24001D154D /* AppDelegate.swift in Sources */ = {isa = PBXBuildFile; fileRef = 92FD34DA25CC3D24001D154D /* AppDelegate.swift */; };
		92FD34DD25CC3D24001D154D /* SceneDelegate.swift in Sources */ = {isa = PBXBuildFile; fileRef = 92FD34DC25CC3D24001D154D /* SceneDelegate.swift */; };
		92FD34E525CC3D24001D154D /* Doguidentifier.xcdatamodeld in Sources */ = {isa = PBXBuildFile; fileRef = 92FD34E325CC3D24001D154D /* Doguidentifier.xcdatamodeld */; };
		92FD34E725CC3D25001D154D /* Assets.xcassets in Resources */ = {isa = PBXBuildFile; fileRef = 92FD34E625CC3D25001D154D /* Assets.xcassets */; };
		92FD34EA25CC3D25001D154D /* LaunchScreen.storyboard in Resources */ = {isa = PBXBuildFile; fileRef = 92FD34E825CC3D25001D154D /* LaunchScreen.storyboard */; };
		92FD34F525CC3D25001D154D /* APITests.swift in Sources */ = {isa = PBXBuildFile; fileRef = 92FD34F425CC3D25001D154D /* APITests.swift */; };
		92FD350025CC3D25001D154D /* DoguidentifierUITests.swift in Sources */ = {isa = PBXBuildFile; fileRef = 92FD34FF25CC3D25001D154D /* DoguidentifierUITests.swift */; };
/* End PBXBuildFile section */

/* Begin PBXContainerItemProxy section */
		92FD34F125CC3D25001D154D /* PBXContainerItemProxy */ = {
			isa = PBXContainerItemProxy;
			containerPortal = 92FD34CF25CC3D24001D154D /* Project object */;
			proxyType = 1;
			remoteGlobalIDString = 92FD34D625CC3D24001D154D;
			remoteInfo = Doguidentifier;
		};
		92FD34FC25CC3D25001D154D /* PBXContainerItemProxy */ = {
			isa = PBXContainerItemProxy;
			containerPortal = 92FD34CF25CC3D24001D154D /* Project object */;
			proxyType = 1;
			remoteGlobalIDString = 92FD34D625CC3D24001D154D;
			remoteInfo = Doguidentifier;
		};
/* End PBXContainerItemProxy section */

/* Begin PBXFileReference section */
		9206A00825D4A43600148D68 /* ServiceAPI.swift */ = {isa = PBXFileReference; lastKnownFileType = sourcecode.swift; path = ServiceAPI.swift; sourceTree = "<group>"; };
		9206A01125D4AB4D00148D68 /* URLSessionMock.swift */ = {isa = PBXFileReference; lastKnownFileType = sourcecode.swift; path = URLSessionMock.swift; sourceTree = "<group>"; };
		9206A01925D4ABA600148D68 /* DataTaskMock.swift */ = {isa = PBXFileReference; lastKnownFileType = sourcecode.swift; path = DataTaskMock.swift; sourceTree = "<group>"; };
		9206A01E25D4ABC000148D68 /* TestMockData.swift */ = {isa = PBXFileReference; lastKnownFileType = sourcecode.swift; path = TestMockData.swift; sourceTree = "<group>"; };
		9206A02325D4B84C00148D68 /* ImageDecoding.swift */ = {isa = PBXFileReference; lastKnownFileType = sourcecode.swift; path = ImageDecoding.swift; sourceTree = "<group>"; };
		9259FA8A25D2ABBF0097128F /* BoneTitle.swift */ = {isa = PBXFileReference; lastKnownFileType = sourcecode.swift; path = BoneTitle.swift; sourceTree = "<group>"; };
		9259FA9725D2B0240097128F /* TextDisplay.swift */ = {isa = PBXFileReference; lastKnownFileType = sourcecode.swift; path = TextDisplay.swift; sourceTree = "<group>"; };
		9259FA9F25D2B6B60097128F /* PerformanceInfo.swift */ = {isa = PBXFileReference; lastKnownFileType = sourcecode.swift; path = PerformanceInfo.swift; sourceTree = "<group>"; };
		9259FAAA25D2C8810097128F /* DogPhoto.swift */ = {isa = PBXFileReference; lastKnownFileType = sourcecode.swift; path = DogPhoto.swift; sourceTree = "<group>"; };
		9259FAB025D2CFDA0097128F /* DogOptions.swift */ = {isa = PBXFileReference; lastKnownFileType = sourcecode.swift; path = DogOptions.swift; sourceTree = "<group>"; };
		92766E1B25D15FD200A5C7F2 /* GameScreenViewController.swift */ = {isa = PBXFileReference; lastKnownFileType = sourcecode.swift; path = GameScreenViewController.swift; sourceTree = "<group>"; };
		92766E2025D15FE300A5C7F2 /* ResultScreenViewController.swift */ = {isa = PBXFileReference; lastKnownFileType = sourcecode.swift; path = ResultScreenViewController.swift; sourceTree = "<group>"; };
		92766E2C25D16B5100A5C7F2 /* ImageExtensions.swift */ = {isa = PBXFileReference; lastKnownFileType = sourcecode.swift; path = ImageExtensions.swift; sourceTree = "<group>"; };
		92766E3725D17F7C00A5C7F2 /* ColorExtensions.swift */ = {isa = PBXFileReference; lastKnownFileType = sourcecode.swift; path = ColorExtensions.swift; sourceTree = "<group>"; };
		92766E3D25D1882A00A5C7F2 /* DogButton.swift */ = {isa = PBXFileReference; lastKnownFileType = sourcecode.swift; path = DogButton.swift; sourceTree = "<group>"; };
		9291661D25D5559400922800 /* HTTPResponseMock.swift */ = {isa = PBXFileReference; lastKnownFileType = sourcecode.swift; path = HTTPResponseMock.swift; sourceTree = "<group>"; };
		9291662225D5566A00922800 /* ErrorAPI.swift */ = {isa = PBXFileReference; lastKnownFileType = sourcecode.swift; path = ErrorAPI.swift; sourceTree = "<group>"; };
		92E0C83C25D1B262003EE40C /* PhotoQuantitySetter.swift */ = {isa = PBXFileReference; lastKnownFileType = sourcecode.swift; path = PhotoQuantitySetter.swift; sourceTree = "<group>"; };
		92E18D9F25D159710005E327 /* StartScreenViewController.swift */ = {isa = PBXFileReference; lastKnownFileType = sourcecode.swift; path = StartScreenViewController.swift; sourceTree = "<group>"; };
		92EEF61825D3F63B00BCF6A5 /* ChoiceResult.swift */ = {isa = PBXFileReference; lastKnownFileType = sourcecode.swift; path = ChoiceResult.swift; sourceTree = "<group>"; };
		92EEF62625D40A6B00BCF6A5 /* swiftlint.yml */ = {isa = PBXFileReference; lastKnownFileType = text.yaml; path = swiftlint.yml; sourceTree = "<group>"; };
		92EEF63A25D42B2900BCF6A5 /* RouterAPI.swift */ = {isa = PBXFileReference; lastKnownFileType = sourcecode.swift; path = RouterAPI.swift; sourceTree = "<group>"; };
		92FD34D725CC3D24001D154D /* Doguidentifier.app */ = {isa = PBXFileReference; explicitFileType = wrapper.application; includeInIndex = 0; path = Doguidentifier.app; sourceTree = BUILT_PRODUCTS_DIR; };
		92FD34DA25CC3D24001D154D /* AppDelegate.swift */ = {isa = PBXFileReference; lastKnownFileType = sourcecode.swift; path = AppDelegate.swift; sourceTree = "<group>"; };
		92FD34DC25CC3D24001D154D /* SceneDelegate.swift */ = {isa = PBXFileReference; lastKnownFileType = sourcecode.swift; path = SceneDelegate.swift; sourceTree = "<group>"; };
		92FD34E425CC3D24001D154D /* Doguidentifier.xcdatamodel */ = {isa = PBXFileReference; lastKnownFileType = wrapper.xcdatamodel; path = Doguidentifier.xcdatamodel; sourceTree = "<group>"; };
		92FD34E625CC3D25001D154D /* Assets.xcassets */ = {isa = PBXFileReference; lastKnownFileType = folder.assetcatalog; path = Assets.xcassets; sourceTree = "<group>"; };
		92FD34E925CC3D25001D154D /* Base */ = {isa = PBXFileReference; lastKnownFileType = file.storyboard; name = Base; path = Base.lproj/LaunchScreen.storyboard; sourceTree = "<group>"; };
		92FD34EB25CC3D25001D154D /* Info.plist */ = {isa = PBXFileReference; lastKnownFileType = text.plist.xml; path = Info.plist; sourceTree = "<group>"; };
		92FD34F025CC3D25001D154D /* DoguidentifierTests.xctest */ = {isa = PBXFileReference; explicitFileType = wrapper.cfbundle; includeInIndex = 0; path = DoguidentifierTests.xctest; sourceTree = BUILT_PRODUCTS_DIR; };
		92FD34F425CC3D25001D154D /* APITests.swift */ = {isa = PBXFileReference; lastKnownFileType = sourcecode.swift; path = APITests.swift; sourceTree = "<group>"; };
		92FD34F625CC3D25001D154D /* Info.plist */ = {isa = PBXFileReference; lastKnownFileType = text.plist.xml; path = Info.plist; sourceTree = "<group>"; };
		92FD34FB25CC3D25001D154D /* DoguidentifierUITests.xctest */ = {isa = PBXFileReference; explicitFileType = wrapper.cfbundle; includeInIndex = 0; path = DoguidentifierUITests.xctest; sourceTree = BUILT_PRODUCTS_DIR; };
		92FD34FF25CC3D25001D154D /* DoguidentifierUITests.swift */ = {isa = PBXFileReference; lastKnownFileType = sourcecode.swift; path = DoguidentifierUITests.swift; sourceTree = "<group>"; };
		92FD350125CC3D25001D154D /* Info.plist */ = {isa = PBXFileReference; lastKnownFileType = text.plist.xml; path = Info.plist; sourceTree = "<group>"; };
/* End PBXFileReference section */

/* Begin PBXFrameworksBuildPhase section */
		92FD34D425CC3D24001D154D /* Frameworks */ = {
			isa = PBXFrameworksBuildPhase;
			buildActionMask = 2147483647;
			files = (
			);
			runOnlyForDeploymentPostprocessing = 0;
		};
		92FD34ED25CC3D25001D154D /* Frameworks */ = {
			isa = PBXFrameworksBuildPhase;
			buildActionMask = 2147483647;
			files = (
			);
			runOnlyForDeploymentPostprocessing = 0;
		};
		92FD34F825CC3D25001D154D /* Frameworks */ = {
			isa = PBXFrameworksBuildPhase;
			buildActionMask = 2147483647;
			files = (
			);
			runOnlyForDeploymentPostprocessing = 0;
		};
/* End PBXFrameworksBuildPhase section */

/* Begin PBXGroup section */
		9206A01025D4AB3100148D68 /* Mock */ = {
			isa = PBXGroup;
			children = (
				9206A01125D4AB4D00148D68 /* URLSessionMock.swift */,
				9206A01925D4ABA600148D68 /* DataTaskMock.swift */,
				9206A01E25D4ABC000148D68 /* TestMockData.swift */,
				9291661D25D5559400922800 /* HTTPResponseMock.swift */,
			);
			path = Mock;
			sourceTree = "<group>";
		};
		92766E2B25D16B3500A5C7F2 /* Extensions */ = {
			isa = PBXGroup;
			children = (
				92766E2C25D16B5100A5C7F2 /* ImageExtensions.swift */,
				92766E3725D17F7C00A5C7F2 /* ColorExtensions.swift */,
			);
			path = Extensions;
			sourceTree = "<group>";
		};
		92766E3C25D187E000A5C7F2 /* Components */ = {
			isa = PBXGroup;
			children = (
				92766E3D25D1882A00A5C7F2 /* DogButton.swift */,
				92E0C83C25D1B262003EE40C /* PhotoQuantitySetter.swift */,
				9259FA8A25D2ABBF0097128F /* BoneTitle.swift */,
				9259FA9725D2B0240097128F /* TextDisplay.swift */,
				9259FA9F25D2B6B60097128F /* PerformanceInfo.swift */,
				9259FAAA25D2C8810097128F /* DogPhoto.swift */,
				9259FAB025D2CFDA0097128F /* DogOptions.swift */,
				92EEF61825D3F63B00BCF6A5 /* ChoiceResult.swift */,
			);
			path = Components;
			sourceTree = "<group>";
		};
		92E18D9B25D156070005E327 /* View */ = {
			isa = PBXGroup;
			children = (
				92766E3C25D187E000A5C7F2 /* Components */,
				92E18D9F25D159710005E327 /* StartScreenViewController.swift */,
				92766E1B25D15FD200A5C7F2 /* GameScreenViewController.swift */,
				92766E2025D15FE300A5C7F2 /* ResultScreenViewController.swift */,
			);
			path = View;
			sourceTree = "<group>";
		};
		92E18D9C25D1560E0005E327 /* View Model */ = {
			isa = PBXGroup;
			children = (
			);
			path = "View Model";
			sourceTree = "<group>";
		};
		92E18D9D25D156160005E327 /* Model */ = {
			isa = PBXGroup;
			children = (
			);
			path = Model;
			sourceTree = "<group>";
		};
		92E18D9E25D1561E0005E327 /* Service */ = {
			isa = PBXGroup;
			children = (
			);
			path = Service;
			sourceTree = "<group>";
		};
		92EEF63925D42AEE00BCF6A5 /* API */ = {
			isa = PBXGroup;
			children = (
				92EEF63A25D42B2900BCF6A5 /* RouterAPI.swift */,
				9206A00825D4A43600148D68 /* ServiceAPI.swift */,
				9206A02325D4B84C00148D68 /* ImageDecoding.swift */,
				9291662225D5566A00922800 /* ErrorAPI.swift */,
			);
			path = API;
			sourceTree = "<group>";
		};
		92FD34CE25CC3D24001D154D = {
			isa = PBXGroup;
			children = (
				92EEF62625D40A6B00BCF6A5 /* swiftlint.yml */,
				92FD34D925CC3D24001D154D /* Doguidentifier */,
				92FD34F325CC3D25001D154D /* DoguidentifierTests */,
				92FD34FE25CC3D25001D154D /* DoguidentifierUITests */,
				92FD34D825CC3D24001D154D /* Products */,
			);
			sourceTree = "<group>";
		};
		92FD34D825CC3D24001D154D /* Products */ = {
			isa = PBXGroup;
			children = (
				92FD34D725CC3D24001D154D /* Doguidentifier.app */,
				92FD34F025CC3D25001D154D /* DoguidentifierTests.xctest */,
				92FD34FB25CC3D25001D154D /* DoguidentifierUITests.xctest */,
			);
			name = Products;
			sourceTree = "<group>";
		};
		92FD34D925CC3D24001D154D /* Doguidentifier */ = {
			isa = PBXGroup;
			children = (
				92FD34EB25CC3D25001D154D /* Info.plist */,
				92FD34DA25CC3D24001D154D /* AppDelegate.swift */,
				92FD34DC25CC3D24001D154D /* SceneDelegate.swift */,
				92FD34E625CC3D25001D154D /* Assets.xcassets */,
				92EEF63925D42AEE00BCF6A5 /* API */,
				92FD34E325CC3D24001D154D /* Doguidentifier.xcdatamodeld */,
				92766E2B25D16B3500A5C7F2 /* Extensions */,
				92FD34E825CC3D25001D154D /* LaunchScreen.storyboard */,
				92E18D9D25D156160005E327 /* Model */,
				92E18D9E25D1561E0005E327 /* Service */,
				92E18D9B25D156070005E327 /* View */,
				92E18D9C25D1560E0005E327 /* View Model */,
			);
			path = Doguidentifier;
			sourceTree = "<group>";
		};
		92FD34F325CC3D25001D154D /* DoguidentifierTests */ = {
			isa = PBXGroup;
			children = (
				9206A01025D4AB3100148D68 /* Mock */,
				92FD34F425CC3D25001D154D /* APITests.swift */,
				92FD34F625CC3D25001D154D /* Info.plist */,
			);
			path = DoguidentifierTests;
			sourceTree = "<group>";
		};
		92FD34FE25CC3D25001D154D /* DoguidentifierUITests */ = {
			isa = PBXGroup;
			children = (
				92FD34FF25CC3D25001D154D /* DoguidentifierUITests.swift */,
				92FD350125CC3D25001D154D /* Info.plist */,
			);
			path = DoguidentifierUITests;
			sourceTree = "<group>";
		};
/* End PBXGroup section */

/* Begin PBXNativeTarget section */
		92FD34D625CC3D24001D154D /* Doguidentifier */ = {
			isa = PBXNativeTarget;
			buildConfigurationList = 92FD350425CC3D25001D154D /* Build configuration list for PBXNativeTarget "Doguidentifier" */;
			buildPhases = (
				92FD34D325CC3D24001D154D /* Sources */,
				92FD34D425CC3D24001D154D /* Frameworks */,
				92FD34D525CC3D24001D154D /* Resources */,
				92EEF62B25D40A9B00BCF6A5 /* ShellScript */,
			);
			buildRules = (
			);
			dependencies = (
			);
			name = Doguidentifier;
			productName = Doguidentifier;
			productReference = 92FD34D725CC3D24001D154D /* Doguidentifier.app */;
			productType = "com.apple.product-type.application";
		};
		92FD34EF25CC3D25001D154D /* DoguidentifierTests */ = {
			isa = PBXNativeTarget;
			buildConfigurationList = 92FD350725CC3D25001D154D /* Build configuration list for PBXNativeTarget "DoguidentifierTests" */;
			buildPhases = (
				92FD34EC25CC3D25001D154D /* Sources */,
				92FD34ED25CC3D25001D154D /* Frameworks */,
				92FD34EE25CC3D25001D154D /* Resources */,
			);
			buildRules = (
			);
			dependencies = (
				92FD34F225CC3D25001D154D /* PBXTargetDependency */,
			);
			name = DoguidentifierTests;
			productName = DoguidentifierTests;
			productReference = 92FD34F025CC3D25001D154D /* DoguidentifierTests.xctest */;
			productType = "com.apple.product-type.bundle.unit-test";
		};
		92FD34FA25CC3D25001D154D /* DoguidentifierUITests */ = {
			isa = PBXNativeTarget;
			buildConfigurationList = 92FD350A25CC3D25001D154D /* Build configuration list for PBXNativeTarget "DoguidentifierUITests" */;
			buildPhases = (
				92FD34F725CC3D25001D154D /* Sources */,
				92FD34F825CC3D25001D154D /* Frameworks */,
				92FD34F925CC3D25001D154D /* Resources */,
			);
			buildRules = (
			);
			dependencies = (
				92FD34FD25CC3D25001D154D /* PBXTargetDependency */,
			);
			name = DoguidentifierUITests;
			productName = DoguidentifierUITests;
			productReference = 92FD34FB25CC3D25001D154D /* DoguidentifierUITests.xctest */;
			productType = "com.apple.product-type.bundle.ui-testing";
		};
/* End PBXNativeTarget section */

/* Begin PBXProject section */
		92FD34CF25CC3D24001D154D /* Project object */ = {
			isa = PBXProject;
			attributes = {
				LastSwiftUpdateCheck = 1240;
				LastUpgradeCheck = 1240;
				TargetAttributes = {
					92FD34D625CC3D24001D154D = {
						CreatedOnToolsVersion = 12.4;
					};
					92FD34EF25CC3D25001D154D = {
						CreatedOnToolsVersion = 12.4;
						TestTargetID = 92FD34D625CC3D24001D154D;
					};
					92FD34FA25CC3D25001D154D = {
						CreatedOnToolsVersion = 12.4;
						TestTargetID = 92FD34D625CC3D24001D154D;
					};
				};
			};
			buildConfigurationList = 92FD34D225CC3D24001D154D /* Build configuration list for PBXProject "Doguidentifier" */;
			compatibilityVersion = "Xcode 9.3";
			developmentRegion = en;
			hasScannedForEncodings = 0;
			knownRegions = (
				en,
				Base,
			);
			mainGroup = 92FD34CE25CC3D24001D154D;
			productRefGroup = 92FD34D825CC3D24001D154D /* Products */;
			projectDirPath = "";
			projectRoot = "";
			targets = (
				92FD34D625CC3D24001D154D /* Doguidentifier */,
				92FD34EF25CC3D25001D154D /* DoguidentifierTests */,
				92FD34FA25CC3D25001D154D /* DoguidentifierUITests */,
			);
		};
/* End PBXProject section */

/* Begin PBXResourcesBuildPhase section */
		92FD34D525CC3D24001D154D /* Resources */ = {
			isa = PBXResourcesBuildPhase;
			buildActionMask = 2147483647;
			files = (
				92FD34EA25CC3D25001D154D /* LaunchScreen.storyboard in Resources */,
				92EEF62725D40A6B00BCF6A5 /* swiftlint.yml in Resources */,
				92FD34E725CC3D25001D154D /* Assets.xcassets in Resources */,
			);
			runOnlyForDeploymentPostprocessing = 0;
		};
		92FD34EE25CC3D25001D154D /* Resources */ = {
			isa = PBXResourcesBuildPhase;
			buildActionMask = 2147483647;
			files = (
			);
			runOnlyForDeploymentPostprocessing = 0;
		};
		92FD34F925CC3D25001D154D /* Resources */ = {
			isa = PBXResourcesBuildPhase;
			buildActionMask = 2147483647;
			files = (
			);
			runOnlyForDeploymentPostprocessing = 0;
		};
/* End PBXResourcesBuildPhase section */

/* Begin PBXShellScriptBuildPhase section */
		92EEF62B25D40A9B00BCF6A5 /* ShellScript */ = {
			isa = PBXShellScriptBuildPhase;
			buildActionMask = 2147483647;
			files = (
			);
			inputFileListPaths = (
			);
			inputPaths = (
			);
			outputFileListPaths = (
			);
			outputPaths = (
			);
			runOnlyForDeploymentPostprocessing = 0;
			shellPath = /bin/sh;
			shellScript = "if which swiftlint >/dev/null; then\nswiftlint\nelse\necho \"warning: Swiftlint not installed, download from https://github.com/realm/SwiftLint\"\nfi\n";
		};
/* End PBXShellScriptBuildPhase section */

/* Begin PBXSourcesBuildPhase section */
		92FD34D325CC3D24001D154D /* Sources */ = {
			isa = PBXSourcesBuildPhase;
			buildActionMask = 2147483647;
			files = (
				9206A02425D4B84C00148D68 /* ImageDecoding.swift in Sources */,
				9259FA8B25D2ABBF0097128F /* BoneTitle.swift in Sources */,
				92EEF63B25D42B2900BCF6A5 /* RouterAPI.swift in Sources */,
				9259FAB125D2CFDA0097128F /* DogOptions.swift in Sources */,
				92766E1C25D15FD200A5C7F2 /* GameScreenViewController.swift in Sources */,
				92EEF61925D3F63B00BCF6A5 /* ChoiceResult.swift in Sources */,
				92E18DA025D159710005E327 /* StartScreenViewController.swift in Sources */,
				9259FAA025D2B6B60097128F /* PerformanceInfo.swift in Sources */,
				92766E2D25D16B5100A5C7F2 /* ImageExtensions.swift in Sources */,
				92766E3E25D1882A00A5C7F2 /* DogButton.swift in Sources */,
				92FD34E525CC3D24001D154D /* Doguidentifier.xcdatamodeld in Sources */,
				92766E3825D17F7C00A5C7F2 /* ColorExtensions.swift in Sources */,
				92FD34DB25CC3D24001D154D /* AppDelegate.swift in Sources */,
				9291662325D5566A00922800 /* ErrorAPI.swift in Sources */,
				9259FA9825D2B0240097128F /* TextDisplay.swift in Sources */,
				9259FAAB25D2C8810097128F /* DogPhoto.swift in Sources */,
				92766E2125D15FE300A5C7F2 /* ResultScreenViewController.swift in Sources */,
				92FD34DD25CC3D24001D154D /* SceneDelegate.swift in Sources */,
				9206A00925D4A43600148D68 /* ServiceAPI.swift in Sources */,
				92E0C83D25D1B262003EE40C /* PhotoQuantitySetter.swift in Sources */,
			);
			runOnlyForDeploymentPostprocessing = 0;
		};
		92FD34EC25CC3D25001D154D /* Sources */ = {
			isa = PBXSourcesBuildPhase;
			buildActionMask = 2147483647;
			files = (
				9206A01A25D4ABA600148D68 /* DataTaskMock.swift in Sources */,
				9206A01F25D4ABC000148D68 /* TestMockData.swift in Sources */,
				9206A01225D4AB4D00148D68 /* URLSessionMock.swift in Sources */,
				92FD34F525CC3D25001D154D /* APITests.swift in Sources */,
				9291661E25D5559400922800 /* HTTPResponseMock.swift in Sources */,
			);
			runOnlyForDeploymentPostprocessing = 0;
		};
		92FD34F725CC3D25001D154D /* Sources */ = {
			isa = PBXSourcesBuildPhase;
			buildActionMask = 2147483647;
			files = (
				92FD350025CC3D25001D154D /* DoguidentifierUITests.swift in Sources */,
			);
			runOnlyForDeploymentPostprocessing = 0;
		};
/* End PBXSourcesBuildPhase section */

/* Begin PBXTargetDependency section */
		92FD34F225CC3D25001D154D /* PBXTargetDependency */ = {
			isa = PBXTargetDependency;
			target = 92FD34D625CC3D24001D154D /* Doguidentifier */;
			targetProxy = 92FD34F125CC3D25001D154D /* PBXContainerItemProxy */;
		};
		92FD34FD25CC3D25001D154D /* PBXTargetDependency */ = {
			isa = PBXTargetDependency;
			target = 92FD34D625CC3D24001D154D /* Doguidentifier */;
			targetProxy = 92FD34FC25CC3D25001D154D /* PBXContainerItemProxy */;
		};
/* End PBXTargetDependency section */

/* Begin PBXVariantGroup section */
		92FD34E825CC3D25001D154D /* LaunchScreen.storyboard */ = {
			isa = PBXVariantGroup;
			children = (
				92FD34E925CC3D25001D154D /* Base */,
			);
			name = LaunchScreen.storyboard;
			sourceTree = "<group>";
		};
/* End PBXVariantGroup section */

/* Begin XCBuildConfiguration section */
		92FD350225CC3D25001D154D /* Debug */ = {
			isa = XCBuildConfiguration;
			buildSettings = {
				ALWAYS_SEARCH_USER_PATHS = NO;
				CLANG_ANALYZER_NONNULL = YES;
				CLANG_ANALYZER_NUMBER_OBJECT_CONVERSION = YES_AGGRESSIVE;
				CLANG_CXX_LANGUAGE_STANDARD = "gnu++14";
				CLANG_CXX_LIBRARY = "libc++";
				CLANG_ENABLE_MODULES = YES;
				CLANG_ENABLE_OBJC_ARC = YES;
				CLANG_ENABLE_OBJC_WEAK = YES;
				CLANG_WARN_BLOCK_CAPTURE_AUTORELEASING = YES;
				CLANG_WARN_BOOL_CONVERSION = YES;
				CLANG_WARN_COMMA = YES;
				CLANG_WARN_CONSTANT_CONVERSION = YES;
				CLANG_WARN_DEPRECATED_OBJC_IMPLEMENTATIONS = YES;
				CLANG_WARN_DIRECT_OBJC_ISA_USAGE = YES_ERROR;
				CLANG_WARN_DOCUMENTATION_COMMENTS = YES;
				CLANG_WARN_EMPTY_BODY = YES;
				CLANG_WARN_ENUM_CONVERSION = YES;
				CLANG_WARN_INFINITE_RECURSION = YES;
				CLANG_WARN_INT_CONVERSION = YES;
				CLANG_WARN_NON_LITERAL_NULL_CONVERSION = YES;
				CLANG_WARN_OBJC_IMPLICIT_RETAIN_SELF = YES;
				CLANG_WARN_OBJC_LITERAL_CONVERSION = YES;
				CLANG_WARN_OBJC_ROOT_CLASS = YES_ERROR;
				CLANG_WARN_QUOTED_INCLUDE_IN_FRAMEWORK_HEADER = YES;
				CLANG_WARN_RANGE_LOOP_ANALYSIS = YES;
				CLANG_WARN_STRICT_PROTOTYPES = YES;
				CLANG_WARN_SUSPICIOUS_MOVE = YES;
				CLANG_WARN_UNGUARDED_AVAILABILITY = YES_AGGRESSIVE;
				CLANG_WARN_UNREACHABLE_CODE = YES;
				CLANG_WARN__DUPLICATE_METHOD_MATCH = YES;
				COPY_PHASE_STRIP = NO;
				DEBUG_INFORMATION_FORMAT = dwarf;
				ENABLE_STRICT_OBJC_MSGSEND = YES;
				ENABLE_TESTABILITY = YES;
				GCC_C_LANGUAGE_STANDARD = gnu11;
				GCC_DYNAMIC_NO_PIC = NO;
				GCC_NO_COMMON_BLOCKS = YES;
				GCC_OPTIMIZATION_LEVEL = 0;
				GCC_PREPROCESSOR_DEFINITIONS = (
					"DEBUG=1",
					"$(inherited)",
				);
				GCC_WARN_64_TO_32_BIT_CONVERSION = YES;
				GCC_WARN_ABOUT_RETURN_TYPE = YES_ERROR;
				GCC_WARN_UNDECLARED_SELECTOR = YES;
				GCC_WARN_UNINITIALIZED_AUTOS = YES_AGGRESSIVE;
				GCC_WARN_UNUSED_FUNCTION = YES;
				GCC_WARN_UNUSED_VARIABLE = YES;
				IPHONEOS_DEPLOYMENT_TARGET = 14.4;
				MTL_ENABLE_DEBUG_INFO = INCLUDE_SOURCE;
				MTL_FAST_MATH = YES;
				ONLY_ACTIVE_ARCH = YES;
				SDKROOT = iphoneos;
				SWIFT_ACTIVE_COMPILATION_CONDITIONS = DEBUG;
				SWIFT_OPTIMIZATION_LEVEL = "-Onone";
			};
			name = Debug;
		};
		92FD350325CC3D25001D154D /* Release */ = {
			isa = XCBuildConfiguration;
			buildSettings = {
				ALWAYS_SEARCH_USER_PATHS = NO;
				CLANG_ANALYZER_NONNULL = YES;
				CLANG_ANALYZER_NUMBER_OBJECT_CONVERSION = YES_AGGRESSIVE;
				CLANG_CXX_LANGUAGE_STANDARD = "gnu++14";
				CLANG_CXX_LIBRARY = "libc++";
				CLANG_ENABLE_MODULES = YES;
				CLANG_ENABLE_OBJC_ARC = YES;
				CLANG_ENABLE_OBJC_WEAK = YES;
				CLANG_WARN_BLOCK_CAPTURE_AUTORELEASING = YES;
				CLANG_WARN_BOOL_CONVERSION = YES;
				CLANG_WARN_COMMA = YES;
				CLANG_WARN_CONSTANT_CONVERSION = YES;
				CLANG_WARN_DEPRECATED_OBJC_IMPLEMENTATIONS = YES;
				CLANG_WARN_DIRECT_OBJC_ISA_USAGE = YES_ERROR;
				CLANG_WARN_DOCUMENTATION_COMMENTS = YES;
				CLANG_WARN_EMPTY_BODY = YES;
				CLANG_WARN_ENUM_CONVERSION = YES;
				CLANG_WARN_INFINITE_RECURSION = YES;
				CLANG_WARN_INT_CONVERSION = YES;
				CLANG_WARN_NON_LITERAL_NULL_CONVERSION = YES;
				CLANG_WARN_OBJC_IMPLICIT_RETAIN_SELF = YES;
				CLANG_WARN_OBJC_LITERAL_CONVERSION = YES;
				CLANG_WARN_OBJC_ROOT_CLASS = YES_ERROR;
				CLANG_WARN_QUOTED_INCLUDE_IN_FRAMEWORK_HEADER = YES;
				CLANG_WARN_RANGE_LOOP_ANALYSIS = YES;
				CLANG_WARN_STRICT_PROTOTYPES = YES;
				CLANG_WARN_SUSPICIOUS_MOVE = YES;
				CLANG_WARN_UNGUARDED_AVAILABILITY = YES_AGGRESSIVE;
				CLANG_WARN_UNREACHABLE_CODE = YES;
				CLANG_WARN__DUPLICATE_METHOD_MATCH = YES;
				COPY_PHASE_STRIP = NO;
				DEBUG_INFORMATION_FORMAT = "dwarf-with-dsym";
				ENABLE_NS_ASSERTIONS = NO;
				ENABLE_STRICT_OBJC_MSGSEND = YES;
				GCC_C_LANGUAGE_STANDARD = gnu11;
				GCC_NO_COMMON_BLOCKS = YES;
				GCC_WARN_64_TO_32_BIT_CONVERSION = YES;
				GCC_WARN_ABOUT_RETURN_TYPE = YES_ERROR;
				GCC_WARN_UNDECLARED_SELECTOR = YES;
				GCC_WARN_UNINITIALIZED_AUTOS = YES_AGGRESSIVE;
				GCC_WARN_UNUSED_FUNCTION = YES;
				GCC_WARN_UNUSED_VARIABLE = YES;
				IPHONEOS_DEPLOYMENT_TARGET = 14.4;
				MTL_ENABLE_DEBUG_INFO = NO;
				MTL_FAST_MATH = YES;
				SDKROOT = iphoneos;
				SWIFT_COMPILATION_MODE = wholemodule;
				SWIFT_OPTIMIZATION_LEVEL = "-O";
				VALIDATE_PRODUCT = YES;
			};
			name = Release;
		};
		92FD350525CC3D25001D154D /* Debug */ = {
			isa = XCBuildConfiguration;
			buildSettings = {
				ASSETCATALOG_COMPILER_APPICON_NAME = AppIcon;
				ASSETCATALOG_COMPILER_GLOBAL_ACCENT_COLOR_NAME = AccentColor;
				CODE_SIGN_STYLE = Automatic;
				DEVELOPMENT_TEAM = Q2AATBYW8Z;
				INFOPLIST_FILE = Doguidentifier/Info.plist;
				LD_RUNPATH_SEARCH_PATHS = (
					"$(inherited)",
					"@executable_path/Frameworks",
				);
				PRODUCT_BUNDLE_IDENTIFIER = "Pedro-Henrique-Costa.Doguidentifier";
				PRODUCT_NAME = "$(TARGET_NAME)";
				SWIFT_VERSION = 5.0;
				TARGETED_DEVICE_FAMILY = "1,2";
			};
			name = Debug;
		};
		92FD350625CC3D25001D154D /* Release */ = {
			isa = XCBuildConfiguration;
			buildSettings = {
				ASSETCATALOG_COMPILER_APPICON_NAME = AppIcon;
				ASSETCATALOG_COMPILER_GLOBAL_ACCENT_COLOR_NAME = AccentColor;
				CODE_SIGN_STYLE = Automatic;
				DEVELOPMENT_TEAM = Q2AATBYW8Z;
				INFOPLIST_FILE = Doguidentifier/Info.plist;
				LD_RUNPATH_SEARCH_PATHS = (
					"$(inherited)",
					"@executable_path/Frameworks",
				);
				PRODUCT_BUNDLE_IDENTIFIER = "Pedro-Henrique-Costa.Doguidentifier";
				PRODUCT_NAME = "$(TARGET_NAME)";
				SWIFT_VERSION = 5.0;
				TARGETED_DEVICE_FAMILY = "1,2";
			};
			name = Release;
		};
		92FD350825CC3D25001D154D /* Debug */ = {
			isa = XCBuildConfiguration;
			buildSettings = {
				ALWAYS_EMBED_SWIFT_STANDARD_LIBRARIES = YES;
				BUNDLE_LOADER = "$(TEST_HOST)";
				CODE_SIGN_STYLE = Automatic;
				DEVELOPMENT_TEAM = Q2AATBYW8Z;
				INFOPLIST_FILE = DoguidentifierTests/Info.plist;
				IPHONEOS_DEPLOYMENT_TARGET = 14.4;
				LD_RUNPATH_SEARCH_PATHS = (
					"$(inherited)",
					"@executable_path/Frameworks",
					"@loader_path/Frameworks",
				);
				PRODUCT_BUNDLE_IDENTIFIER = "Pedro-Henrique-Costa.DoguidentifierTests";
				PRODUCT_NAME = "$(TARGET_NAME)";
				SWIFT_VERSION = 5.0;
				TARGETED_DEVICE_FAMILY = "1,2";
				TEST_HOST = "$(BUILT_PRODUCTS_DIR)/Doguidentifier.app/Doguidentifier";
			};
			name = Debug;
		};
		92FD350925CC3D25001D154D /* Release */ = {
			isa = XCBuildConfiguration;
			buildSettings = {
				ALWAYS_EMBED_SWIFT_STANDARD_LIBRARIES = YES;
				BUNDLE_LOADER = "$(TEST_HOST)";
				CODE_SIGN_STYLE = Automatic;
				DEVELOPMENT_TEAM = Q2AATBYW8Z;
				INFOPLIST_FILE = DoguidentifierTests/Info.plist;
				IPHONEOS_DEPLOYMENT_TARGET = 14.4;
				LD_RUNPATH_SEARCH_PATHS = (
					"$(inherited)",
					"@executable_path/Frameworks",
					"@loader_path/Frameworks",
				);
				PRODUCT_BUNDLE_IDENTIFIER = "Pedro-Henrique-Costa.DoguidentifierTests";
				PRODUCT_NAME = "$(TARGET_NAME)";
				SWIFT_VERSION = 5.0;
				TARGETED_DEVICE_FAMILY = "1,2";
				TEST_HOST = "$(BUILT_PRODUCTS_DIR)/Doguidentifier.app/Doguidentifier";
			};
			name = Release;
		};
		92FD350B25CC3D25001D154D /* Debug */ = {
			isa = XCBuildConfiguration;
			buildSettings = {
				ALWAYS_EMBED_SWIFT_STANDARD_LIBRARIES = YES;
				CODE_SIGN_STYLE = Automatic;
				DEVELOPMENT_TEAM = Q2AATBYW8Z;
				INFOPLIST_FILE = DoguidentifierUITests/Info.plist;
				LD_RUNPATH_SEARCH_PATHS = (
					"$(inherited)",
					"@executable_path/Frameworks",
					"@loader_path/Frameworks",
				);
				PRODUCT_BUNDLE_IDENTIFIER = "Pedro-Henrique-Costa.DoguidentifierUITests";
				PRODUCT_NAME = "$(TARGET_NAME)";
				SWIFT_VERSION = 5.0;
				TARGETED_DEVICE_FAMILY = "1,2";
				TEST_TARGET_NAME = Doguidentifier;
			};
			name = Debug;
		};
		92FD350C25CC3D25001D154D /* Release */ = {
			isa = XCBuildConfiguration;
			buildSettings = {
				ALWAYS_EMBED_SWIFT_STANDARD_LIBRARIES = YES;
				CODE_SIGN_STYLE = Automatic;
				DEVELOPMENT_TEAM = Q2AATBYW8Z;
				INFOPLIST_FILE = DoguidentifierUITests/Info.plist;
				LD_RUNPATH_SEARCH_PATHS = (
					"$(inherited)",
					"@executable_path/Frameworks",
					"@loader_path/Frameworks",
				);
				PRODUCT_BUNDLE_IDENTIFIER = "Pedro-Henrique-Costa.DoguidentifierUITests";
				PRODUCT_NAME = "$(TARGET_NAME)";
				SWIFT_VERSION = 5.0;
				TARGETED_DEVICE_FAMILY = "1,2";
				TEST_TARGET_NAME = Doguidentifier;
			};
			name = Release;
		};
/* End XCBuildConfiguration section */

/* Begin XCConfigurationList section */
		92FD34D225CC3D24001D154D /* Build configuration list for PBXProject "Doguidentifier" */ = {
			isa = XCConfigurationList;
			buildConfigurations = (
				92FD350225CC3D25001D154D /* Debug */,
				92FD350325CC3D25001D154D /* Release */,
			);
			defaultConfigurationIsVisible = 0;
			defaultConfigurationName = Release;
		};
		92FD350425CC3D25001D154D /* Build configuration list for PBXNativeTarget "Doguidentifier" */ = {
			isa = XCConfigurationList;
			buildConfigurations = (
				92FD350525CC3D25001D154D /* Debug */,
				92FD350625CC3D25001D154D /* Release */,
			);
			defaultConfigurationIsVisible = 0;
			defaultConfigurationName = Release;
		};
		92FD350725CC3D25001D154D /* Build configuration list for PBXNativeTarget "DoguidentifierTests" */ = {
			isa = XCConfigurationList;
			buildConfigurations = (
				92FD350825CC3D25001D154D /* Debug */,
				92FD350925CC3D25001D154D /* Release */,
			);
			defaultConfigurationIsVisible = 0;
			defaultConfigurationName = Release;
		};
		92FD350A25CC3D25001D154D /* Build configuration list for PBXNativeTarget "DoguidentifierUITests" */ = {
			isa = XCConfigurationList;
			buildConfigurations = (
				92FD350B25CC3D25001D154D /* Debug */,
				92FD350C25CC3D25001D154D /* Release */,
			);
			defaultConfigurationIsVisible = 0;
			defaultConfigurationName = Release;
		};
/* End XCConfigurationList section */

/* Begin XCVersionGroup section */
		92FD34E325CC3D24001D154D /* Doguidentifier.xcdatamodeld */ = {
			isa = XCVersionGroup;
			children = (
				92FD34E425CC3D24001D154D /* Doguidentifier.xcdatamodel */,
			);
			currentVersion = 92FD34E425CC3D24001D154D /* Doguidentifier.xcdatamodel */;
			path = Doguidentifier.xcdatamodeld;
			sourceTree = "<group>";
			versionGroupType = wrapper.xcdatamodel;
		};
/* End XCVersionGroup section */
	};
	rootObject = 92FD34CF25CC3D24001D154D /* Project object */;
}
